
Microsoft Visual Studio Solution File, Format Version 12.00
# Visual Studio Version 16
VisualStudioVersion = 16.0.31515.178
MinimumVisualStudioVersion = 10.0.40219.1
Project("{FAE04EC0-301F-11D3-BF4B-00C04F79EFBC}") = "JWT_Auth", "JWT_Auth\JWT_Auth.csproj", "{5B19D774-57D4-49D1-AF3C-10C35E39380D}"
EndProject
Global
	GlobalSection(SolutionConfigurationPlatforms) = preSolution
		Debug|Any CPU = Debug|Any CPU
		Release|Any CPU = Release|Any CPU
	EndGlobalSection
	GlobalSection(ProjectConfigurationPlatforms) = postSolution
		{5B19D774-57D4-49D1-AF3C-10C35E39380D}.Debug|Any CPU.ActiveCfg = Debug|Any CPU
		{5B19D774-57D4-49D1-AF3C-10C35E39380D}.Debug|Any CPU.Build.0 = Debug|Any CPU
		{5B19D774-57D4-49D1-AF3C-10C35E39380D}.Release|Any CPU.ActiveCfg = Release|Any CPU
		{5B19D774-57D4-49D1-AF3C-10C35E39380D}.Release|Any CPU.Build.0 = Release|Any CPU
	EndGlobalSection
	GlobalSection(SolutionProperties) = preSolution
		HideSolutionNode = FALSE
	EndGlobalSection
	GlobalSection(ExtensibilityGlobals) = postSolution
		SolutionGuid = {A9777EDB-15B7-40FF-8CE7-44DC6E5E6405}
	EndGlobalSection
EndGlobal
